// !$*UTF8*$!
{
	archiveVersion = 1;
	classes = {
	};
	objectVersion = 60;
	objects = {

/* Begin PBXBuildFile section */
		A35878A42D3A8BFF007DC079 /* AppDelegate.swift in Sources */ = {isa = PBXBuildFile; fileRef = A35878A32D3A8BFB007DC079 /* AppDelegate.swift */; };
		A35878A62D3A930A007DC079 /* ShortcutService.swift in Sources */ = {isa = PBXBuildFile; fileRef = A35878A52D3A9307007DC079 /* ShortcutService.swift */; };
		A37E99FD2C6A1F18003A1C39 /* Support.swift in Sources */ = {isa = PBXBuildFile; fileRef = A37E99FC2C6A1F15003A1C39 /* Support.swift */; };
		A392D6862C595E1D00AD7933 /* VAPersistentNavigator in Frameworks */ = {isa = PBXBuildFile; productRef = A392D6852C595E1D00AD7933 /* VAPersistentNavigator */; };
		A392D6B42C5A0DCA00AD7933 /* DefaultsNavigatorStorage.swift in Sources */ = {isa = PBXBuildFile; fileRef = A392D6B12C5A0DCA00AD7933 /* DefaultsNavigatorStorage.swift */; };
		A392D6B52C5A0DCA00AD7933 /* Destinations.swift in Sources */ = {isa = PBXBuildFile; fileRef = A392D6B22C5A0DCA00AD7933 /* Destinations.swift */; };
		A392D6B62C5A0DCA00AD7933 /* ExampleApp.swift in Sources */ = {isa = PBXBuildFile; fileRef = A392D6B32C5A0DCA00AD7933 /* ExampleApp.swift */; };
		A392D6B72C5A0DCA00AD7933 /* Assets.xcassets in Resources */ = {isa = PBXBuildFile; fileRef = A392D6B02C5A0DCA00AD7933 /* Assets.xcassets */; };
		A3C38FA32C64CC2100B00A52 /* SeparateFeatureFlow.swift in Sources */ = {isa = PBXBuildFile; fileRef = A3C38FA22C64CC1400B00A52 /* SeparateFeatureFlow.swift */; };
		A3E9DDBE2C693F0500D712A3 /* FeaturePackage in Frameworks */ = {isa = PBXBuildFile; productRef = A3E9DDBD2C693F0500D712A3 /* FeaturePackage */; };
		A3EF8CB72D3F9443008B59A7 /* NotificationService.swift in Sources */ = {isa = PBXBuildFile; fileRef = A3EF8CB62D3F9432008B59A7 /* NotificationService.swift */; };
/* End PBXBuildFile section */

/* Begin PBXFileReference section */
		A35878A22D3A8AB0007DC079 /* Info.plist */ = {isa = PBXFileReference; lastKnownFileType = text.plist; path = Info.plist; sourceTree = "<group>"; };
		A35878A32D3A8BFB007DC079 /* AppDelegate.swift */ = {isa = PBXFileReference; lastKnownFileType = sourcecode.swift; path = AppDelegate.swift; sourceTree = "<group>"; };
		A35878A52D3A9307007DC079 /* ShortcutService.swift */ = {isa = PBXFileReference; lastKnownFileType = sourcecode.swift; path = ShortcutService.swift; sourceTree = "<group>"; };
		A37E99FC2C6A1F15003A1C39 /* Support.swift */ = {isa = PBXFileReference; lastKnownFileType = sourcecode.swift; path = Support.swift; sourceTree = "<group>"; };
		A392D6732C595DFB00AD7933 /* Example.app */ = {isa = PBXFileReference; explicitFileType = wrapper.application; includeInIndex = 0; path = Example.app; sourceTree = BUILT_PRODUCTS_DIR; };
		A392D6952C595FDE00AD7933 /* README.md */ = {isa = PBXFileReference; lastKnownFileType = net.daringfireball.markdown; name = README.md; path = ../README.md; sourceTree = "<group>"; };
		A392D6B02C5A0DCA00AD7933 /* Assets.xcassets */ = {isa = PBXFileReference; lastKnownFileType = folder.assetcatalog; path = Assets.xcassets; sourceTree = "<group>"; };
		A392D6B12C5A0DCA00AD7933 /* DefaultsNavigatorStorage.swift */ = {isa = PBXFileReference; lastKnownFileType = sourcecode.swift; path = DefaultsNavigatorStorage.swift; sourceTree = "<group>"; };
		A392D6B22C5A0DCA00AD7933 /* Destinations.swift */ = {isa = PBXFileReference; lastKnownFileType = sourcecode.swift; path = Destinations.swift; sourceTree = "<group>"; };
		A392D6B32C5A0DCA00AD7933 /* ExampleApp.swift */ = {isa = PBXFileReference; lastKnownFileType = sourcecode.swift; path = ExampleApp.swift; sourceTree = "<group>"; };
		A3C38FA22C64CC1400B00A52 /* SeparateFeatureFlow.swift */ = {isa = PBXFileReference; lastKnownFileType = sourcecode.swift; path = SeparateFeatureFlow.swift; sourceTree = "<group>"; };
		A3EF8CB62D3F9432008B59A7 /* NotificationService.swift */ = {isa = PBXFileReference; lastKnownFileType = sourcecode.swift; path = NotificationService.swift; sourceTree = "<group>"; };
		A3FF226E2D3EFD9B0037ABE2 /* Example.entitlements */ = {isa = PBXFileReference; lastKnownFileType = text.plist.entitlements; path = Example.entitlements; sourceTree = "<group>"; };
/* End PBXFileReference section */

/* Begin PBXFrameworksBuildPhase section */
		A392D6702C595DFB00AD7933 /* Frameworks */ = {
			isa = PBXFrameworksBuildPhase;
			buildActionMask = 2147483647;
			files = (
				A3E9DDBE2C693F0500D712A3 /* FeaturePackage in Frameworks */,
				A392D6862C595E1D00AD7933 /* VAPersistentNavigator in Frameworks */,
			);
			runOnlyForDeploymentPostprocessing = 0;
		};
/* End PBXFrameworksBuildPhase section */

/* Begin PBXGroup section */
		A392D66A2C595DFB00AD7933 = {
			isa = PBXGroup;
			children = (
				A392D6952C595FDE00AD7933 /* README.md */,
				A392D6B82C5A0E0300AD7933 /* Example */,
				A392D6742C595DFB00AD7933 /* Products */,
			);
			sourceTree = "<group>";
		};
		A392D6742C595DFB00AD7933 /* Products */ = {
			isa = PBXGroup;
			children = (
				A392D6732C595DFB00AD7933 /* Example.app */,
			);
			name = Products;
			sourceTree = "<group>";
		};
		A392D6B82C5A0E0300AD7933 /* Example */ = {
			isa = PBXGroup;
			children = (
				A3FF226E2D3EFD9B0037ABE2 /* Example.entitlements */,
				A35878A22D3A8AB0007DC079 /* Info.plist */,
				A392D6B32C5A0DCA00AD7933 /* ExampleApp.swift */,
				A392D6B22C5A0DCA00AD7933 /* Destinations.swift */,
				A392D6B12C5A0DCA00AD7933 /* DefaultsNavigatorStorage.swift */,
				A3C38FA22C64CC1400B00A52 /* SeparateFeatureFlow.swift */,
				A37E99FC2C6A1F15003A1C39 /* Support.swift */,
				A35878A32D3A8BFB007DC079 /* AppDelegate.swift */,
				A35878A52D3A9307007DC079 /* ShortcutService.swift */,
				A3EF8CB62D3F9432008B59A7 /* NotificationService.swift */,
				A392D6B02C5A0DCA00AD7933 /* Assets.xcassets */,
			);
			path = Example;
			sourceTree = "<group>";
		};
/* End PBXGroup section */

/* Begin PBXNativeTarget section */
		A392D6722C595DFB00AD7933 /* Example */ = {
			isa = PBXNativeTarget;
			buildConfigurationList = A392D6812C595DFC00AD7933 /* Build configuration list for PBXNativeTarget "Example" */;
			buildPhases = (
				A392D66F2C595DFB00AD7933 /* Sources */,
				A392D6702C595DFB00AD7933 /* Frameworks */,
				A392D6712C595DFB00AD7933 /* Resources */,
			);
			buildRules = (
			);
			dependencies = (
			);
			name = Example;
			packageProductDependencies = (
				A392D6852C595E1D00AD7933 /* VAPersistentNavigator */,
				A3E9DDBD2C693F0500D712A3 /* FeaturePackage */,
			);
			productName = Example;
			productReference = A392D6732C595DFB00AD7933 /* Example.app */;
			productType = "com.apple.product-type.application";
		};
/* End PBXNativeTarget section */

/* Begin PBXProject section */
		A392D66B2C595DFB00AD7933 /* Project object */ = {
			isa = PBXProject;
			attributes = {
				BuildIndependentTargetsInParallel = 1;
				LastSwiftUpdateCheck = 1600;
				LastUpgradeCheck = 1600;
				TargetAttributes = {
					A392D6722C595DFB00AD7933 = {
						CreatedOnToolsVersion = 16.0;
					};
				};
			};
			buildConfigurationList = A392D66E2C595DFB00AD7933 /* Build configuration list for PBXProject "Example" */;
			compatibilityVersion = "Xcode 15.0";
			developmentRegion = en;
			hasScannedForEncodings = 0;
			knownRegions = (
				en,
				Base,
			);
			mainGroup = A392D66A2C595DFB00AD7933;
			packageReferences = (
				A392D6842C595E1D00AD7933 /* XCLocalSwiftPackageReference "../../VAPersistentNavigator" */,
				A3E9DDBC2C693F0500D712A3 /* XCLocalSwiftPackageReference "Example/Packages/FeaturePackage" */,
			);
			productRefGroup = A392D6742C595DFB00AD7933 /* Products */;
			projectDirPath = "";
			projectRoot = "";
			targets = (
				A392D6722C595DFB00AD7933 /* Example */,
			);
		};
/* End PBXProject section */

/* Begin PBXResourcesBuildPhase section */
		A392D6712C595DFB00AD7933 /* Resources */ = {
			isa = PBXResourcesBuildPhase;
			buildActionMask = 2147483647;
			files = (
				A392D6B72C5A0DCA00AD7933 /* Assets.xcassets in Resources */,
			);
			runOnlyForDeploymentPostprocessing = 0;
		};
/* End PBXResourcesBuildPhase section */

/* Begin PBXSourcesBuildPhase section */
		A392D66F2C595DFB00AD7933 /* Sources */ = {
			isa = PBXSourcesBuildPhase;
			buildActionMask = 2147483647;
			files = (
				A35878A62D3A930A007DC079 /* ShortcutService.swift in Sources */,
				A35878A42D3A8BFF007DC079 /* AppDelegate.swift in Sources */,
				A392D6B42C5A0DCA00AD7933 /* DefaultsNavigatorStorage.swift in Sources */,
				A37E99FD2C6A1F18003A1C39 /* Support.swift in Sources */,
				A3EF8CB72D3F9443008B59A7 /* NotificationService.swift in Sources */,
				A3C38FA32C64CC2100B00A52 /* SeparateFeatureFlow.swift in Sources */,
				A392D6B52C5A0DCA00AD7933 /* Destinations.swift in Sources */,
				A392D6B62C5A0DCA00AD7933 /* ExampleApp.swift in Sources */,
			);
			runOnlyForDeploymentPostprocessing = 0;
		};
/* End PBXSourcesBuildPhase section */

/* Begin XCBuildConfiguration section */
		A392D67F2C595DFC00AD7933 /* Debug */ = {
			isa = XCBuildConfiguration;
			buildSettings = {
				ALWAYS_SEARCH_USER_PATHS = NO;
				ASSETCATALOG_COMPILER_GENERATE_SWIFT_ASSET_SYMBOL_EXTENSIONS = YES;
				CLANG_ANALYZER_NONNULL = YES;
				CLANG_ANALYZER_NUMBER_OBJECT_CONVERSION = YES_AGGRESSIVE;
				CLANG_CXX_LANGUAGE_STANDARD = "gnu++20";
				CLANG_ENABLE_MODULES = YES;
				CLANG_ENABLE_OBJC_ARC = YES;
				CLANG_ENABLE_OBJC_WEAK = YES;
				CLANG_WARN_BLOCK_CAPTURE_AUTORELEASING = YES;
				CLANG_WARN_BOOL_CONVERSION = YES;
				CLANG_WARN_COMMA = YES;
				CLANG_WARN_CONSTANT_CONVERSION = YES;
				CLANG_WARN_DEPRECATED_OBJC_IMPLEMENTATIONS = YES;
				CLANG_WARN_DIRECT_OBJC_ISA_USAGE = YES_ERROR;
				CLANG_WARN_DOCUMENTATION_COMMENTS = YES;
				CLANG_WARN_EMPTY_BODY = YES;
				CLANG_WARN_ENUM_CONVERSION = YES;
				CLANG_WARN_INFINITE_RECURSION = YES;
				CLANG_WARN_INT_CONVERSION = YES;
				CLANG_WARN_NON_LITERAL_NULL_CONVERSION = YES;
				CLANG_WARN_OBJC_IMPLICIT_RETAIN_SELF = YES;
				CLANG_WARN_OBJC_LITERAL_CONVERSION = YES;
				CLANG_WARN_OBJC_ROOT_CLASS = YES_ERROR;
				CLANG_WARN_QUOTED_INCLUDE_IN_FRAMEWORK_HEADER = YES;
				CLANG_WARN_RANGE_LOOP_ANALYSIS = YES;
				CLANG_WARN_STRICT_PROTOTYPES = YES;
				CLANG_WARN_SUSPICIOUS_MOVE = YES;
				CLANG_WARN_UNGUARDED_AVAILABILITY = YES_AGGRESSIVE;
				CLANG_WARN_UNREACHABLE_CODE = YES;
				CLANG_WARN__DUPLICATE_METHOD_MATCH = YES;
				COPY_PHASE_STRIP = NO;
				DEBUG_INFORMATION_FORMAT = dwarf;
				ENABLE_STRICT_OBJC_MSGSEND = YES;
				ENABLE_TESTABILITY = YES;
				ENABLE_USER_SCRIPT_SANDBOXING = YES;
				GCC_C_LANGUAGE_STANDARD = gnu17;
				GCC_DYNAMIC_NO_PIC = NO;
				GCC_NO_COMMON_BLOCKS = YES;
				GCC_OPTIMIZATION_LEVEL = 0;
				GCC_PREPROCESSOR_DEFINITIONS = (
					"DEBUG=1",
					"$(inherited)",
				);
				GCC_WARN_64_TO_32_BIT_CONVERSION = YES;
				GCC_WARN_ABOUT_RETURN_TYPE = YES_ERROR;
				GCC_WARN_UNDECLARED_SELECTOR = YES;
				GCC_WARN_UNINITIALIZED_AUTOS = YES_AGGRESSIVE;
				GCC_WARN_UNUSED_FUNCTION = YES;
				GCC_WARN_UNUSED_VARIABLE = YES;
				IPHONEOS_DEPLOYMENT_TARGET = 18.0;
				LOCALIZATION_PREFERS_STRING_CATALOGS = YES;
				MTL_ENABLE_DEBUG_INFO = INCLUDE_SOURCE;
				MTL_FAST_MATH = YES;
				ONLY_ACTIVE_ARCH = YES;
				SDKROOT = iphoneos;
				SWIFT_ACTIVE_COMPILATION_CONDITIONS = "DEBUG $(inherited)";
				SWIFT_OPTIMIZATION_LEVEL = "-Onone";
			};
			name = Debug;
		};
		A392D6802C595DFC00AD7933 /* Release */ = {
			isa = XCBuildConfiguration;
			buildSettings = {
				ALWAYS_SEARCH_USER_PATHS = NO;
				ASSETCATALOG_COMPILER_GENERATE_SWIFT_ASSET_SYMBOL_EXTENSIONS = YES;
				CLANG_ANALYZER_NONNULL = YES;
				CLANG_ANALYZER_NUMBER_OBJECT_CONVERSION = YES_AGGRESSIVE;
				CLANG_CXX_LANGUAGE_STANDARD = "gnu++20";
				CLANG_ENABLE_MODULES = YES;
				CLANG_ENABLE_OBJC_ARC = YES;
				CLANG_ENABLE_OBJC_WEAK = YES;
				CLANG_WARN_BLOCK_CAPTURE_AUTORELEASING = YES;
				CLANG_WARN_BOOL_CONVERSION = YES;
				CLANG_WARN_COMMA = YES;
				CLANG_WARN_CONSTANT_CONVERSION = YES;
				CLANG_WARN_DEPRECATED_OBJC_IMPLEMENTATIONS = YES;
				CLANG_WARN_DIRECT_OBJC_ISA_USAGE = YES_ERROR;
				CLANG_WARN_DOCUMENTATION_COMMENTS = YES;
				CLANG_WARN_EMPTY_BODY = YES;
				CLANG_WARN_ENUM_CONVERSION = YES;
				CLANG_WARN_INFINITE_RECURSION = YES;
				CLANG_WARN_INT_CONVERSION = YES;
				CLANG_WARN_NON_LITERAL_NULL_CONVERSION = YES;
				CLANG_WARN_OBJC_IMPLICIT_RETAIN_SELF = YES;
				CLANG_WARN_OBJC_LITERAL_CONVERSION = YES;
				CLANG_WARN_OBJC_ROOT_CLASS = YES_ERROR;
				CLANG_WARN_QUOTED_INCLUDE_IN_FRAMEWORK_HEADER = YES;
				CLANG_WARN_RANGE_LOOP_ANALYSIS = YES;
				CLANG_WARN_STRICT_PROTOTYPES = YES;
				CLANG_WARN_SUSPICIOUS_MOVE = YES;
				CLANG_WARN_UNGUARDED_AVAILABILITY = YES_AGGRESSIVE;
				CLANG_WARN_UNREACHABLE_CODE = YES;
				CLANG_WARN__DUPLICATE_METHOD_MATCH = YES;
				COPY_PHASE_STRIP = NO;
				DEBUG_INFORMATION_FORMAT = "dwarf-with-dsym";
				ENABLE_NS_ASSERTIONS = NO;
				ENABLE_STRICT_OBJC_MSGSEND = YES;
				ENABLE_USER_SCRIPT_SANDBOXING = YES;
				GCC_C_LANGUAGE_STANDARD = gnu17;
				GCC_NO_COMMON_BLOCKS = YES;
				GCC_WARN_64_TO_32_BIT_CONVERSION = YES;
				GCC_WARN_ABOUT_RETURN_TYPE = YES_ERROR;
				GCC_WARN_UNDECLARED_SELECTOR = YES;
				GCC_WARN_UNINITIALIZED_AUTOS = YES_AGGRESSIVE;
				GCC_WARN_UNUSED_FUNCTION = YES;
				GCC_WARN_UNUSED_VARIABLE = YES;
				IPHONEOS_DEPLOYMENT_TARGET = 18.0;
				LOCALIZATION_PREFERS_STRING_CATALOGS = YES;
				MTL_ENABLE_DEBUG_INFO = NO;
				MTL_FAST_MATH = YES;
				SDKROOT = iphoneos;
				SWIFT_COMPILATION_MODE = wholemodule;
				VALIDATE_PRODUCT = YES;
			};
			name = Release;
		};
		A392D6822C595DFC00AD7933 /* Debug */ = {
			isa = XCBuildConfiguration;
			buildSettings = {
				ASSETCATALOG_COMPILER_APPICON_NAME = AppIcon;
				ASSETCATALOG_COMPILER_GLOBAL_ACCENT_COLOR_NAME = AccentColor;
				CODE_SIGN_ENTITLEMENTS = Example/Example.entitlements;
				CODE_SIGN_STYLE = Automatic;
				CURRENT_PROJECT_VERSION = 1;
				ENABLE_PREVIEWS = YES;
				GENERATE_INFOPLIST_FILE = YES;
				INFOPLIST_FILE = Example/Info.plist;
				INFOPLIST_KEY_UIApplicationSceneManifest_Generation = YES;
				INFOPLIST_KEY_UIApplicationSupportsIndirectInputEvents = YES;
				INFOPLIST_KEY_UILaunchScreen_Generation = YES;
				INFOPLIST_KEY_UISupportedInterfaceOrientations_iPad = "UIInterfaceOrientationPortrait UIInterfaceOrientationPortraitUpsideDown UIInterfaceOrientationLandscapeLeft UIInterfaceOrientationLandscapeRight";
				INFOPLIST_KEY_UISupportedInterfaceOrientations_iPhone = "UIInterfaceOrientationPortrait UIInterfaceOrientationLandscapeLeft UIInterfaceOrientationLandscapeRight";
				IPHONEOS_DEPLOYMENT_TARGET = 16.0;
				LD_RUNPATH_SEARCH_PATHS = (
					"$(inherited)",
					"@executable_path/Frameworks",
				);
				MARKETING_VERSION = 1.0;
				PRODUCT_BUNDLE_IDENTIFIER = com.vandrj.Example;
				PRODUCT_NAME = "$(TARGET_NAME)";
				SWIFT_EMIT_LOC_STRINGS = YES;
				SWIFT_STRICT_CONCURRENCY = complete;
				SWIFT_UPCOMING_FEATURE_EXISTENTIAL_ANY = YES;
				SWIFT_VERSION = 6.0;
				TARGETED_DEVICE_FAMILY = "1,2";
			};
			name = Debug;
		};
		A392D6832C595DFC00AD7933 /* Release */ = {
			isa = XCBuildConfiguration;
			buildSettings = {
				ASSETCATALOG_COMPILER_APPICON_NAME = AppIcon;
				ASSETCATALOG_COMPILER_GLOBAL_ACCENT_COLOR_NAME = AccentColor;
				CODE_SIGN_ENTITLEMENTS = Example/Example.entitlements;
				CODE_SIGN_STYLE = Automatic;
				CURRENT_PROJECT_VERSION = 1;
				ENABLE_PREVIEWS = YES;
				GENERATE_INFOPLIST_FILE = YES;
				INFOPLIST_FILE = Example/Info.plist;
				INFOPLIST_KEY_UIApplicationSceneManifest_Generation = YES;
				INFOPLIST_KEY_UIApplicationSupportsIndirectInputEvents = YES;
				INFOPLIST_KEY_UILaunchScreen_Generation = YES;
				INFOPLIST_KEY_UISupportedInterfaceOrientations_iPad = "UIInterfaceOrientationPortrait UIInterfaceOrientationPortraitUpsideDown UIInterfaceOrientationLandscapeLeft UIInterfaceOrientationLandscapeRight";
				INFOPLIST_KEY_UISupportedInterfaceOrientations_iPhone = "UIInterfaceOrientationPortrait UIInterfaceOrientationLandscapeLeft UIInterfaceOrientationLandscapeRight";
				IPHONEOS_DEPLOYMENT_TARGET = 16.0;
				LD_RUNPATH_SEARCH_PATHS = (
					"$(inherited)",
					"@executable_path/Frameworks",
				);
				MARKETING_VERSION = 1.0;
				PRODUCT_BUNDLE_IDENTIFIER = com.vandrj.Example;
				PRODUCT_NAME = "$(TARGET_NAME)";
				SWIFT_EMIT_LOC_STRINGS = YES;
				SWIFT_STRICT_CONCURRENCY = complete;
				SWIFT_UPCOMING_FEATURE_EXISTENTIAL_ANY = YES;
				SWIFT_VERSION = 6.0;
				TARGETED_DEVICE_FAMILY = "1,2";
			};
			name = Release;
		};
/* End XCBuildConfiguration section */

/* Begin XCConfigurationList section */
		A392D66E2C595DFB00AD7933 /* Build configuration list for PBXProject "Example" */ = {
			isa = XCConfigurationList;
			buildConfigurations = (
				A392D67F2C595DFC00AD7933 /* Debug */,
				A392D6802C595DFC00AD7933 /* Release */,
			);
			defaultConfigurationIsVisible = 0;
			defaultConfigurationName = Release;
		};
		A392D6812C595DFC00AD7933 /* Build configuration list for PBXNativeTarget "Example" */ = {
			isa = XCConfigurationList;
			buildConfigurations = (
				A392D6822C595DFC00AD7933 /* Debug */,
				A392D6832C595DFC00AD7933 /* Release */,
			);
			defaultConfigurationIsVisible = 0;
			defaultConfigurationName = Release;
		};
/* End XCConfigurationList section */

/* Begin XCLocalSwiftPackageReference section */
		A392D6842C595E1D00AD7933 /* XCLocalSwiftPackageReference "../../VAPersistentNavigator" */ = {
			isa = XCLocalSwiftPackageReference;
			relativePath = ../../VAPersistentNavigator;
		};
		A3E9DDBC2C693F0500D712A3 /* XCLocalSwiftPackageReference "Example/Packages/FeaturePackage" */ = {
			isa = XCLocalSwiftPackageReference;
			relativePath = Example/Packages/FeaturePackage;
		};
/* End XCLocalSwiftPackageReference section */

/* Begin XCSwiftPackageProductDependency section */
		A392D6852C595E1D00AD7933 /* VAPersistentNavigator */ = {
			isa = XCSwiftPackageProductDependency;
			productName = VAPersistentNavigator;
		};
		A3E9DDBD2C693F0500D712A3 /* FeaturePackage */ = {
			isa = XCSwiftPackageProductDependency;
			productName = FeaturePackage;
		};
/* End XCSwiftPackageProductDependency section */
	};
	rootObject = A392D66B2C595DFB00AD7933 /* Project object */;
}
